
Microsoft Visual Studio Solution File, Format Version 12.00
# Visual Studio Version 16
VisualStudioVersion = 16.0.30907.101
MinimumVisualStudioVersion = 10.0.40219.1
Project("{FAE04EC0-301F-11D3-BF4B-00C04F79EFBC}") = "CSC 520 Financial App", "CSC 520 Financial App\CSC 520 Financial App.csproj", "{14A38B43-EC15-4ED8-9152-6CD12932FCE3}"
EndProject
Global
	GlobalSection(SolutionConfigurationPlatforms) = preSolution
		Debug|Any CPU = Debug|Any CPU
		Release|Any CPU = Release|Any CPU
	EndGlobalSection
	GlobalSection(ProjectConfigurationPlatforms) = postSolution
		{14A38B43-EC15-4ED8-9152-6CD12932FCE3}.Debug|Any CPU.ActiveCfg = Debug|Any CPU
		{14A38B43-EC15-4ED8-9152-6CD12932FCE3}.Debug|Any CPU.Build.0 = Debug|Any CPU
		{14A38B43-EC15-4ED8-9152-6CD12932FCE3}.Release|Any CPU.ActiveCfg = Release|Any CPU
		{14A38B43-EC15-4ED8-9152-6CD12932FCE3}.Release|Any CPU.Build.0 = Release|Any CPU
	EndGlobalSection
	GlobalSection(SolutionProperties) = preSolution
		HideSolutionNode = FALSE
	EndGlobalSection
	GlobalSection(ExtensibilityGlobals) = postSolution
		SolutionGuid = {3E7017DA-D5AD-4ACF-B2B7-409B7A3A66F9}
	EndGlobalSection
EndGlobal
